
Microsoft Visual Studio Solution File, Format Version 12.00
# Visual Studio 15
VisualStudioVersion = 15.0.26228.9
MinimumVisualStudioVersion = 10.0.40219.1
Project("{FAE04EC0-301F-11D3-BF4B-00C04F79EFBC}") = "RandomConsole", "RandomConsole.csproj", "{3BC9903C-3669-4935-BE27-E7D01511F844}"
EndProject
Project("{FAE04EC0-301F-11D3-BF4B-00C04F79EFBC}") = "MyCmdlets", "MyCmdlets\MyCmdlets.csproj", "{5A90C31B-4E86-46DA-ADEF-02B87DFAEB9A}"
EndProject
Project("{FAE04EC0-301F-11D3-BF4B-00C04F79EFBC}") = "ReleaseManagment", "ReleaseManagment\ReleaseManagment.csproj", "{51F04F75-C491-4888-9A55-7FB5B7F7B5A3}"
EndProject
Project("{FAE04EC0-301F-11D3-BF4B-00C04F79EFBC}") = "TestManagement", "..\TestManagement\TestManagement.csproj", "{7256E752-75CE-41EF-940A-762A4CF0DBA9}"
EndProject
Project("{FAE04EC0-301F-11D3-BF4B-00C04F79EFBC}") = "EncryptAppConfig", "EncryptAppConfig\EncryptAppConfig.csproj", "{74CC074D-FCD3-4EE9-8CCF-68B9D36E47A4}"
EndProject
Project("{FAE04EC0-301F-11D3-BF4B-00C04F79EFBC}") = "KeyVaultAccess", "..\KeyVaultAccess\KeyVaultAccess.csproj", "{22BBD645-20D8-4095-8138-4BFF9112B161}"
EndProject
Project("{FAE04EC0-301F-11D3-BF4B-00C04F79EFBC}") = "ForTest", "ForTest\ForTest.csproj", "{82FBF6C6-F98C-4D3A-A3EE-2D986101337D}"
EndProject
Project("{FAE04EC0-301F-11D3-BF4B-00C04F79EFBC}") = "VerifyVstsResultChanges", "..\VerifyVstsResultChanges\VerifyVstsResultChanges.csproj", "{A0E78250-8D44-4442-8E2B-14CF9E55F418}"
EndProject
Project("{FAE04EC0-301F-11D3-BF4B-00C04F79EFBC}") = "BuildPrepTime", "..\CloudBuildData\BuildPrepTime.csproj", "{6C49FAA9-F5F1-44CB-8F30-B3EE7BA8B725}"
EndProject
Global
	GlobalSection(SolutionConfigurationPlatforms) = preSolution
		Debug|Any CPU = Debug|Any CPU
		Release|Any CPU = Release|Any CPU
	EndGlobalSection
	GlobalSection(ProjectConfigurationPlatforms) = postSolution
		{3BC9903C-3669-4935-BE27-E7D01511F844}.Debug|Any CPU.ActiveCfg = Debug|Any CPU
		{3BC9903C-3669-4935-BE27-E7D01511F844}.Debug|Any CPU.Build.0 = Debug|Any CPU
		{3BC9903C-3669-4935-BE27-E7D01511F844}.Release|Any CPU.ActiveCfg = Release|Any CPU
		{3BC9903C-3669-4935-BE27-E7D01511F844}.Release|Any CPU.Build.0 = Release|Any CPU
		{5A90C31B-4E86-46DA-ADEF-02B87DFAEB9A}.Debug|Any CPU.ActiveCfg = Debug|Any CPU
		{5A90C31B-4E86-46DA-ADEF-02B87DFAEB9A}.Debug|Any CPU.Build.0 = Debug|Any CPU
		{5A90C31B-4E86-46DA-ADEF-02B87DFAEB9A}.Release|Any CPU.ActiveCfg = Release|Any CPU
		{5A90C31B-4E86-46DA-ADEF-02B87DFAEB9A}.Release|Any CPU.Build.0 = Release|Any CPU
		{51F04F75-C491-4888-9A55-7FB5B7F7B5A3}.Debug|Any CPU.ActiveCfg = Debug|Any CPU
		{51F04F75-C491-4888-9A55-7FB5B7F7B5A3}.Debug|Any CPU.Build.0 = Debug|Any CPU
		{51F04F75-C491-4888-9A55-7FB5B7F7B5A3}.Release|Any CPU.ActiveCfg = Release|Any CPU
		{51F04F75-C491-4888-9A55-7FB5B7F7B5A3}.Release|Any CPU.Build.0 = Release|Any CPU
		{7256E752-75CE-41EF-940A-762A4CF0DBA9}.Debug|Any CPU.ActiveCfg = Debug|Any CPU
		{7256E752-75CE-41EF-940A-762A4CF0DBA9}.Debug|Any CPU.Build.0 = Debug|Any CPU
		{7256E752-75CE-41EF-940A-762A4CF0DBA9}.Release|Any CPU.ActiveCfg = Release|Any CPU
		{7256E752-75CE-41EF-940A-762A4CF0DBA9}.Release|Any CPU.Build.0 = Release|Any CPU
		{74CC074D-FCD3-4EE9-8CCF-68B9D36E47A4}.Debug|Any CPU.ActiveCfg = Debug|Any CPU
		{74CC074D-FCD3-4EE9-8CCF-68B9D36E47A4}.Debug|Any CPU.Build.0 = Debug|Any CPU
		{74CC074D-FCD3-4EE9-8CCF-68B9D36E47A4}.Release|Any CPU.ActiveCfg = Release|Any CPU
		{74CC074D-FCD3-4EE9-8CCF-68B9D36E47A4}.Release|Any CPU.Build.0 = Release|Any CPU
		{22BBD645-20D8-4095-8138-4BFF9112B161}.Debug|Any CPU.ActiveCfg = Debug|Any CPU
		{22BBD645-20D8-4095-8138-4BFF9112B161}.Debug|Any CPU.Build.0 = Debug|Any CPU
		{22BBD645-20D8-4095-8138-4BFF9112B161}.Release|Any CPU.ActiveCfg = Release|Any CPU
		{22BBD645-20D8-4095-8138-4BFF9112B161}.Release|Any CPU.Build.0 = Release|Any CPU
		{82FBF6C6-F98C-4D3A-A3EE-2D986101337D}.Debug|Any CPU.ActiveCfg = Debug|Any CPU
		{82FBF6C6-F98C-4D3A-A3EE-2D986101337D}.Debug|Any CPU.Build.0 = Debug|Any CPU
		{82FBF6C6-F98C-4D3A-A3EE-2D986101337D}.Release|Any CPU.ActiveCfg = Release|Any CPU
		{82FBF6C6-F98C-4D3A-A3EE-2D986101337D}.Release|Any CPU.Build.0 = Release|Any CPU
		{A0E78250-8D44-4442-8E2B-14CF9E55F418}.Debug|Any CPU.ActiveCfg = Debug|Any CPU
		{A0E78250-8D44-4442-8E2B-14CF9E55F418}.Debug|Any CPU.Build.0 = Debug|Any CPU
		{A0E78250-8D44-4442-8E2B-14CF9E55F418}.Release|Any CPU.ActiveCfg = Release|Any CPU
		{A0E78250-8D44-4442-8E2B-14CF9E55F418}.Release|Any CPU.Build.0 = Release|Any CPU
		{6C49FAA9-F5F1-44CB-8F30-B3EE7BA8B725}.Debug|Any CPU.ActiveCfg = Debug|Any CPU
		{6C49FAA9-F5F1-44CB-8F30-B3EE7BA8B725}.Debug|Any CPU.Build.0 = Debug|Any CPU
		{6C49FAA9-F5F1-44CB-8F30-B3EE7BA8B725}.Release|Any CPU.ActiveCfg = Release|Any CPU
		{6C49FAA9-F5F1-44CB-8F30-B3EE7BA8B725}.Release|Any CPU.Build.0 = Release|Any CPU
	EndGlobalSection
	GlobalSection(SolutionProperties) = preSolution
		HideSolutionNode = FALSE
	EndGlobalSection
EndGlobal
